
Microsoft Visual Studio Solution File, Format Version 12.00
# Visual Studio Version 17
VisualStudioVersion = 17.9.34728.123
MinimumVisualStudioVersion = 10.0.40219.1
Project("{FAE04EC0-301F-11D3-BF4B-00C04F79EFBC}") = "The Manged Desk - LLD", "The Manged Desk - LLD\The Manged Desk - LLD.csproj", "{443A3582-378D-4728-AF56-85CA10B6B997}"
EndProject
Global
	GlobalSection(SolutionConfigurationPlatforms) = preSolution
		Debug|Any CPU = Debug|Any CPU
		Release|Any CPU = Release|Any CPU
	EndGlobalSection
	GlobalSection(ProjectConfigurationPlatforms) = postSolution
		{443A3582-378D-4728-AF56-85CA10B6B997}.Debug|Any CPU.ActiveCfg = Debug|Any CPU
		{443A3582-378D-4728-AF56-85CA10B6B997}.Debug|Any CPU.Build.0 = Debug|Any CPU
		{443A3582-378D-4728-AF56-85CA10B6B997}.Release|Any CPU.ActiveCfg = Release|Any CPU
		{443A3582-378D-4728-AF56-85CA10B6B997}.Release|Any CPU.Build.0 = Release|Any CPU
	EndGlobalSection
	GlobalSection(SolutionProperties) = preSolution
		HideSolutionNode = FALSE
	EndGlobalSection
	GlobalSection(ExtensibilityGlobals) = postSolution
		SolutionGuid = {1C15B793-6DDE-4A92-90AB-3BBFFF0BA0A9}
	EndGlobalSection
EndGlobal
